{
  "name": "@selfage/nested_error",
  "version": "0.0.1",
  "lockfileVersion": 2,
  "requires": true,
  "packages": {
    "": {
      "name": "@selfage/nested_error",
      "version": "0.0.1",
      "license": "GPL-3.0-or-later",
      "dependencies": {
        "ts-custom-error": "^3.2.0"
      },
      "devDependencies": {
        "@selfage/tsconfig": "^1.0.3",
        "typescript": "^4.1.3"
      }
    },
    "node_modules/@selfage/tsconfig": {
      "version": "1.0.3",
      "resolved": "https://registry.npmjs.org/@selfage/tsconfig/-/tsconfig-1.0.3.tgz",
      "integrity": "sha512-Rzvev8laiYIoXY2fyAGLSaLzqu5GSMAHdgyJa4uyLHke3w8Z8gppax3Td5Tf140qn1Vh6IjI8W9wSVwwwLf+TQ==",
      "dev": true
    },
    "node_modules/ts-custom-error": {
      "version": "3.2.0",
      "resolved": "https://registry.npmjs.org/ts-custom-error/-/ts-custom-error-3.2.0.tgz",
      "integrity": "sha512-cBvC2QjtvJ9JfWLvstVnI45Y46Y5dMxIaG1TDMGAD/R87hpvqFL+7LhvUDhnRCfOnx/xitollFWWvUKKKhbN0A==",
      "engines": {
        "node": ">=8.0.0"
      }
    },
    "node_modules/typescript": {
      "version": "4.1.5",
      "resolved": "https://registry.npmjs.org/typescript/-/typescript-4.1.5.tgz",
      "integrity": "sha512-6OSu9PTIzmn9TCDiovULTnET6BgXtDYL4Gg4szY+cGsc3JP1dQL8qvE8kShTRx1NIw4Q9IBHlwODjkjWEtMUyA==",
      "dev": true,
      "bin": {
        "tsc": "bin/tsc",
        "tsserver": "bin/tsserver"
      },
      "engines": {
        "node": ">=4.2.0"
      }
    }
  },
  "dependencies": {
    "@selfage/tsconfig": {
      "version": "1.0.3",
      "resolved": "https://registry.npmjs.org/@selfage/tsconfig/-/tsconfig-1.0.3.tgz",
      "integrity": "sha512-Rzvev8laiYIoXY2fyAGLSaLzqu5GSMAHdgyJa4uyLHke3w8Z8gppax3Td5Tf140qn1Vh6IjI8W9wSVwwwLf+TQ==",
      "dev": true
    },
    "ts-custom-error": {
      "version": "3.2.0",
      "resolved": "https://registry.npmjs.org/ts-custom-error/-/ts-custom-error-3.2.0.tgz",
      "integrity": "sha512-cBvC2QjtvJ9JfWLvstVnI45Y46Y5dMxIaG1TDMGAD/R87hpvqFL+7LhvUDhnRCfOnx/xitollFWWvUKKKhbN0A=="
    },
    "typescript": {
      "version": "4.1.5",
      "resolved": "https://registry.npmjs.org/typescript/-/typescript-4.1.5.tgz",
      "integrity": "sha512-6OSu9PTIzmn9TCDiovULTnET6BgXtDYL4Gg4szY+cGsc3JP1dQL8qvE8kShTRx1NIw4Q9IBHlwODjkjWEtMUyA==",
      "dev": true
    }
  }
}
